
Microsoft Visual Studio Solution File, Format Version 12.00
# Visual Studio Version 17
VisualStudioVersion = 17.3.32901.215
MinimumVisualStudioVersion = 10.0.40219.1
Project("{2150E333-8FDC-42A3-9474-1A3956D46DE8}") = "SolutionItems", "SolutionItems", "{4DAF6EA3-241A-46AD-9483-4C77B17C51C4}"
EndProject
Project("{FAE04EC0-301F-11D3-BF4B-00C04F79EFBC}") = "Database", "Database\Database.csproj", "{0AE66319-0B7B-45CB-A216-40DBE2A668D6}"
EndProject
Project("{FAE04EC0-301F-11D3-BF4B-00C04F79EFBC}") = "BraunsmaWeek4", "BraunsmaWeek4\BraunsmaWeek4.csproj", "{24DF914F-BBBB-47AB-BC7D-4405FA4AEEF3}"
EndProject
Project("{FAE04EC0-301F-11D3-BF4B-00C04F79EFBC}") = "ProgramaholicsAnonymous", "ProgramaholicsAnonymous\ProgramaholicsAnonymous.csproj", "{546CEBDE-25FA-420F-B924-DF28F55EC4BF}"
EndProject
Global
	GlobalSection(SolutionConfigurationPlatforms) = preSolution
		Debug|Any CPU = Debug|Any CPU
		Release|Any CPU = Release|Any CPU
	EndGlobalSection
	GlobalSection(ProjectConfigurationPlatforms) = postSolution
		{0AE66319-0B7B-45CB-A216-40DBE2A668D6}.Debug|Any CPU.ActiveCfg = Debug|Any CPU
		{0AE66319-0B7B-45CB-A216-40DBE2A668D6}.Debug|Any CPU.Build.0 = Debug|Any CPU
		{0AE66319-0B7B-45CB-A216-40DBE2A668D6}.Release|Any CPU.ActiveCfg = Release|Any CPU
		{0AE66319-0B7B-45CB-A216-40DBE2A668D6}.Release|Any CPU.Build.0 = Release|Any CPU
		{24DF914F-BBBB-47AB-BC7D-4405FA4AEEF3}.Debug|Any CPU.ActiveCfg = Debug|Any CPU
		{24DF914F-BBBB-47AB-BC7D-4405FA4AEEF3}.Debug|Any CPU.Build.0 = Debug|Any CPU
		{24DF914F-BBBB-47AB-BC7D-4405FA4AEEF3}.Release|Any CPU.ActiveCfg = Release|Any CPU
		{24DF914F-BBBB-47AB-BC7D-4405FA4AEEF3}.Release|Any CPU.Build.0 = Release|Any CPU
		{546CEBDE-25FA-420F-B924-DF28F55EC4BF}.Debug|Any CPU.ActiveCfg = Debug|Any CPU
		{546CEBDE-25FA-420F-B924-DF28F55EC4BF}.Debug|Any CPU.Build.0 = Debug|Any CPU
		{546CEBDE-25FA-420F-B924-DF28F55EC4BF}.Release|Any CPU.ActiveCfg = Release|Any CPU
		{546CEBDE-25FA-420F-B924-DF28F55EC4BF}.Release|Any CPU.Build.0 = Release|Any CPU
	EndGlobalSection
	GlobalSection(SolutionProperties) = preSolution
		HideSolutionNode = FALSE
	EndGlobalSection
	GlobalSection(ExtensibilityGlobals) = postSolution
		SolutionGuid = {DF484A34-034C-4908-BC2B-C103FE912EFD}
	EndGlobalSection
EndGlobal
